
Microsoft Visual Studio Solution File, Format Version 12.00
# Visual Studio 15
VisualStudioVersion = 15.0.27004.2009
MinimumVisualStudioVersion = 10.0.40219.1
Project("{8BC9CEB8-8B4A-11D0-8D11-00A0C91BC942}") = "helloword_with_pause", "helloword_with_pause\helloword_with_pause.vcxproj", "{44F16EE9-71B7-42B8-8D6D-4CF8BD873E44}"
EndProject
Global
	GlobalSection(SolutionConfigurationPlatforms) = preSolution
		Debug|x64 = Debug|x64
		Debug|x86 = Debug|x86
		Release|x64 = Release|x64
		Release|x86 = Release|x86
	EndGlobalSection
	GlobalSection(ProjectConfigurationPlatforms) = postSolution
		{44F16EE9-71B7-42B8-8D6D-4CF8BD873E44}.Debug|x64.ActiveCfg = Debug|x64
		{44F16EE9-71B7-42B8-8D6D-4CF8BD873E44}.Debug|x64.Build.0 = Debug|x64
		{44F16EE9-71B7-42B8-8D6D-4CF8BD873E44}.Debug|x86.ActiveCfg = Debug|Win32
		{44F16EE9-71B7-42B8-8D6D-4CF8BD873E44}.Debug|x86.Build.0 = Debug|Win32
		{44F16EE9-71B7-42B8-8D6D-4CF8BD873E44}.Release|x64.ActiveCfg = Release|x64
		{44F16EE9-71B7-42B8-8D6D-4CF8BD873E44}.Release|x64.Build.0 = Release|x64
		{44F16EE9-71B7-42B8-8D6D-4CF8BD873E44}.Release|x86.ActiveCfg = Release|Win32
		{44F16EE9-71B7-42B8-8D6D-4CF8BD873E44}.Release|x86.Build.0 = Release|Win32
	EndGlobalSection
	GlobalSection(SolutionProperties) = preSolution
		HideSolutionNode = FALSE
	EndGlobalSection
	GlobalSection(ExtensibilityGlobals) = postSolution
		SolutionGuid = {C5A8B722-ACDC-4520-B80F-AD7F93FB8A1C}
	EndGlobalSection
EndGlobal
