
Microsoft Visual Studio Solution File, Format Version 12.00
# Visual Studio 15
VisualStudioVersion = 15.0.27004.2009
MinimumVisualStudioVersion = 10.0.40219.1
Project("{8BC9CEB8-8B4A-11D0-8D11-00A0C91BC942}") = "print", "print\print.vcxproj", "{6E4B59BA-9762-4FF7-8F77-BD35879B67C0}"
EndProject
Global
	GlobalSection(SolutionConfigurationPlatforms) = preSolution
		Debug|x64 = Debug|x64
		Debug|x86 = Debug|x86
		Release|x64 = Release|x64
		Release|x86 = Release|x86
	EndGlobalSection
	GlobalSection(ProjectConfigurationPlatforms) = postSolution
		{6E4B59BA-9762-4FF7-8F77-BD35879B67C0}.Debug|x64.ActiveCfg = Debug|x64
		{6E4B59BA-9762-4FF7-8F77-BD35879B67C0}.Debug|x64.Build.0 = Debug|x64
		{6E4B59BA-9762-4FF7-8F77-BD35879B67C0}.Debug|x86.ActiveCfg = Debug|Win32
		{6E4B59BA-9762-4FF7-8F77-BD35879B67C0}.Debug|x86.Build.0 = Debug|Win32
		{6E4B59BA-9762-4FF7-8F77-BD35879B67C0}.Release|x64.ActiveCfg = Release|x64
		{6E4B59BA-9762-4FF7-8F77-BD35879B67C0}.Release|x64.Build.0 = Release|x64
		{6E4B59BA-9762-4FF7-8F77-BD35879B67C0}.Release|x86.ActiveCfg = Release|Win32
		{6E4B59BA-9762-4FF7-8F77-BD35879B67C0}.Release|x86.Build.0 = Release|Win32
	EndGlobalSection
	GlobalSection(SolutionProperties) = preSolution
		HideSolutionNode = FALSE
	EndGlobalSection
	GlobalSection(ExtensibilityGlobals) = postSolution
		SolutionGuid = {93A4B4C1-323C-4C40-B94D-802727C1C095}
	EndGlobalSection
EndGlobal
