
Microsoft Visual Studio Solution File, Format Version 12.00
# Visual Studio 15
VisualStudioVersion = 15.0.27004.2009
MinimumVisualStudioVersion = 10.0.40219.1
Project("{8BC9CEB8-8B4A-11D0-8D11-00A0C91BC942}") = "count_word", "count_word\count_word.vcxproj", "{476B9D11-3D1E-4513-9524-B1889F84315B}"
EndProject
Global
	GlobalSection(SolutionConfigurationPlatforms) = preSolution
		Debug|x64 = Debug|x64
		Debug|x86 = Debug|x86
		Release|x64 = Release|x64
		Release|x86 = Release|x86
	EndGlobalSection
	GlobalSection(ProjectConfigurationPlatforms) = postSolution
		{476B9D11-3D1E-4513-9524-B1889F84315B}.Debug|x64.ActiveCfg = Debug|x64
		{476B9D11-3D1E-4513-9524-B1889F84315B}.Debug|x64.Build.0 = Debug|x64
		{476B9D11-3D1E-4513-9524-B1889F84315B}.Debug|x86.ActiveCfg = Debug|Win32
		{476B9D11-3D1E-4513-9524-B1889F84315B}.Debug|x86.Build.0 = Debug|Win32
		{476B9D11-3D1E-4513-9524-B1889F84315B}.Release|x64.ActiveCfg = Release|x64
		{476B9D11-3D1E-4513-9524-B1889F84315B}.Release|x64.Build.0 = Release|x64
		{476B9D11-3D1E-4513-9524-B1889F84315B}.Release|x86.ActiveCfg = Release|Win32
		{476B9D11-3D1E-4513-9524-B1889F84315B}.Release|x86.Build.0 = Release|Win32
	EndGlobalSection
	GlobalSection(SolutionProperties) = preSolution
		HideSolutionNode = FALSE
	EndGlobalSection
	GlobalSection(ExtensibilityGlobals) = postSolution
		SolutionGuid = {F25059B1-1008-4A56-AEC5-D74F3919EDDA}
	EndGlobalSection
EndGlobal
